
Microsoft Visual Studio Solution File, Format Version 12.00
# Visual Studio 15
VisualStudioVersion = 15.0.27130.2003
MinimumVisualStudioVersion = 10.0.40219.1
Project("{FAE04EC0-301F-11D3-BF4B-00C04F79EFBC}") = "AlbedoDiscordBot", "AlbedoDiscordBot.csproj", "{FF5BBC0B-0A28-4D70-A99A-B1664C55EF6B}"
EndProject
Project("{9A19103F-16F7-4668-BE54-9A1E7A4F7556}") = "ImGui.NET", "ImGui.NET\src\ImGui.NET\ImGui.NET.csproj", "{45C8F80B-6836-4838-BBC3-F0D47CF2588F}"
EndProject
Global
	GlobalSection(SolutionConfigurationPlatforms) = preSolution
		Debug|x64 = Debug|x64
		Release|x64 = Release|x64
	EndGlobalSection
	GlobalSection(ProjectConfigurationPlatforms) = postSolution
		{FF5BBC0B-0A28-4D70-A99A-B1664C55EF6B}.Debug|x64.ActiveCfg = Debug|x64
		{FF5BBC0B-0A28-4D70-A99A-B1664C55EF6B}.Debug|x64.Build.0 = Debug|x64
		{FF5BBC0B-0A28-4D70-A99A-B1664C55EF6B}.Release|x64.ActiveCfg = Release|x64
		{FF5BBC0B-0A28-4D70-A99A-B1664C55EF6B}.Release|x64.Build.0 = Release|x64
		{45C8F80B-6836-4838-BBC3-F0D47CF2588F}.Debug|x64.ActiveCfg = Debug|x64
		{45C8F80B-6836-4838-BBC3-F0D47CF2588F}.Debug|x64.Build.0 = Debug|x64
		{45C8F80B-6836-4838-BBC3-F0D47CF2588F}.Release|x64.ActiveCfg = Release|x64
		{45C8F80B-6836-4838-BBC3-F0D47CF2588F}.Release|x64.Build.0 = Release|x64
	EndGlobalSection
	GlobalSection(SolutionProperties) = preSolution
		HideSolutionNode = FALSE
	EndGlobalSection
	GlobalSection(ExtensibilityGlobals) = postSolution
		SolutionGuid = {50D0A9AC-5267-479A-98FF-8CA328A18F85}
	EndGlobalSection
EndGlobal
